PODS:
  - Expecta (0.3.0)
  - OCHamcrest (3.0.1)
  - OCMockito (1.2.0):
    - OCHamcrest (~> 3.0)
  - Specta (0.2.1)

DEPENDENCIES:
  - Expecta
  - OCMockito
  - Specta

SPEC CHECKSUMS:
  Expecta: 917bda2935b63ca7175741b8cf1b26796db6205f
  OCHamcrest: e19857683e4eefab64b878668eac04c2f4567118
  OCMockito: af187ffa65b05e7f043e236b1f6491949be77734
  Specta: 15a276a6343867b426d5ed135d5aa4d04123a573

COCOAPODS: 0.38.0.beta.1
